
Microsoft Visual Studio Solution File, Format Version 12.00
# Visual Studio Version 16
VisualStudioVersion = 16.0.28917.181
MinimumVisualStudioVersion = 10.0.40219.1
Project("{FAE04EC0-301F-11D3-BF4B-00C04F79EFBC}") = "signalr-chat", "signalr-chat\signalr-chat.csproj", "{21B7D885-D7CB-4554-B96A-8142FA0F4B65}"
EndProject
Global
	GlobalSection(SolutionConfigurationPlatforms) = preSolution
		Debug|Any CPU = Debug|Any CPU
		Release|Any CPU = Release|Any CPU
	EndGlobalSection
	GlobalSection(ProjectConfigurationPlatforms) = postSolution
		{21B7D885-D7CB-4554-B96A-8142FA0F4B65}.Debug|Any CPU.ActiveCfg = Debug|Any CPU
		{21B7D885-D7CB-4554-B96A-8142FA0F4B65}.Debug|Any CPU.Build.0 = Debug|Any CPU
		{21B7D885-D7CB-4554-B96A-8142FA0F4B65}.Release|Any CPU.ActiveCfg = Release|Any CPU
		{21B7D885-D7CB-4554-B96A-8142FA0F4B65}.Release|Any CPU.Build.0 = Release|Any CPU
	EndGlobalSection
	GlobalSection(SolutionProperties) = preSolution
		HideSolutionNode = FALSE
	EndGlobalSection
	GlobalSection(ExtensibilityGlobals) = postSolution
		SolutionGuid = {E3208C53-5F38-4D98-8059-EAE9E2800095}
	EndGlobalSection
EndGlobal
